#MicroXplorer Configuration settings - do not modify
CAD.formats=
CAD.pinconfig=
CAD.provider=
FREERTOS.FootprintOK=true
FREERTOS.IPParameters=Tasks01,FootprintOK
FREERTOS.Tasks01=ChassisControlT,0,256,StartChassisControlTask,Default,NULL,Dynamic,NULL,NULL
File.Version=6
GPIO.groupedBy=Group By Peripherals
I2C2.IPParameters=Timing
I2C2.Timing=0x40B285C2
KeepUserPlacement=false
Mcu.CPN=STM32G474VET6
Mcu.Family=STM32G4
Mcu.IP0=FREERTOS
Mcu.IP1=I2C2
Mcu.IP10=TIM5
Mcu.IP11=TIM8
Mcu.IP12=TIM15
Mcu.IP13=USART2
Mcu.IP2=NVIC
Mcu.IP3=RCC
Mcu.IP4=SPI1
Mcu.IP5=SYS
Mcu.IP6=TIM1
Mcu.IP7=TIM2
Mcu.IP8=TIM3
Mcu.IP9=TIM4
Mcu.IPNb=14
Mcu.Name=STM32G474V(B-C-E)Tx
Mcu.Package=LQFP100
Mcu.Pin0=PE2
Mcu.Pin1=PE3
Mcu.Pin10=PA0
Mcu.Pin11=PA1
Mcu.Pin12=PA2
Mcu.Pin13=PA3
Mcu.Pin14=PA4
Mcu.Pin15=PA6
Mcu.Pin16=PB14
Mcu.Pin17=PB15
Mcu.Pin18=PD12
Mcu.Pin19=PD13
Mcu.Pin2=PE4
Mcu.Pin20=PC6
Mcu.Pin21=PC7
Mcu.Pin22=PC8
Mcu.Pin23=PC9
Mcu.Pin24=PA8
Mcu.Pin25=PA9
Mcu.Pin26=PA10
Mcu.Pin27=PA11
Mcu.Pin28=PA13
Mcu.Pin29=PA14
Mcu.Pin3=PE5
Mcu.Pin30=PC10
Mcu.Pin31=PC11
Mcu.Pin32=PD3
Mcu.Pin33=PD4
Mcu.Pin34=PB3
Mcu.Pin35=PB4
Mcu.Pin36=PB5
Mcu.Pin37=VP_FREERTOS_VS_CMSIS_V1
Mcu.Pin38=VP_SYS_VS_tim17
Mcu.Pin39=VP_SYS_VS_DBSignals
Mcu.Pin4=PF0-OSC_IN
Mcu.Pin40=VP_TIM1_VS_ClockSourceINT
Mcu.Pin5=PF1-OSC_OUT
Mcu.Pin6=PC0
Mcu.Pin7=PC1
Mcu.Pin8=PC2
Mcu.Pin9=PC3
Mcu.PinsNb=41
Mcu.ThirdPartyNb=0
Mcu.UserConstants=
Mcu.UserName=STM32G474VETx
MxCube.Version=6.15.0
MxDb.Version=DB.6.0.150
NVIC.BusFault_IRQn=true\:0\:0\:false\:false\:true\:false\:false\:false\:false
NVIC.DebugMonitor_IRQn=true\:0\:0\:false\:false\:true\:false\:false\:false\:false
NVIC.ForceEnableDMAVector=true
NVIC.HardFault_IRQn=true\:0\:0\:false\:false\:true\:false\:false\:false\:false
NVIC.MemoryManagement_IRQn=true\:0\:0\:false\:false\:true\:false\:false\:false\:false
NVIC.NonMaskableInt_IRQn=true\:0\:0\:false\:false\:true\:false\:false\:false\:false
NVIC.PendSV_IRQn=true\:15\:0\:false\:false\:false\:true\:false\:false\:false
NVIC.PriorityGroup=NVIC_PRIORITYGROUP_4
NVIC.SVCall_IRQn=true\:0\:0\:false\:false\:false\:false\:false\:false\:false
NVIC.SavedPendsvIrqHandlerGenerated=true
NVIC.SavedSvcallIrqHandlerGenerated=true
NVIC.SavedSystickIrqHandlerGenerated=true
NVIC.SysTick_IRQn=true\:15\:0\:false\:false\:false\:true\:false\:true\:false
NVIC.TIM1_TRG_COM_TIM17_IRQn=true\:5\:0\:false\:false\:true\:false\:false\:true\:true
NVIC.TimeBase=TIM1_TRG_COM_TIM17_IRQn
NVIC.TimeBaseIP=TIM17
NVIC.USART2_IRQn=true\:5\:0\:false\:false\:true\:true\:true\:true\:true
NVIC.UsageFault_IRQn=true\:0\:0\:false\:false\:true\:false\:false\:false\:false
PA0.GPIOParameters=GPIO_Label
PA0.GPIO_Label=ENC_RR_A
PA0.Signal=S_TIM5_CH1
PA1.GPIOParameters=GPIO_Label
PA1.GPIO_Label=ENC_RR_B
PA1.Signal=S_TIM5_CH2
PA10.GPIOParameters=PinState,GPIO_Label
PA10.GPIO_Label=NRF_CSN
PA10.Locked=true
PA10.PinState=GPIO_PIN_SET
PA10.Signal=GPIO_Output
PA11.GPIOParameters=GPIO_Label
PA11.GPIO_Label=NRF_CE
PA11.Locked=true
PA11.Signal=GPIO_Output
PA13.Mode=Serial_Wire
PA13.Signal=SYS_JTMS-SWDIO
PA14.Mode=Serial_Wire
PA14.Signal=SYS_JTCK-SWCLK
PA2.Mode=Asynchronous
PA2.Signal=USART2_TX
PA3.Mode=Asynchronous
PA3.Signal=USART2_RX
PA4.GPIOParameters=GPIO_Label
PA4.GPIO_Label=ENC_FR_B
PA4.Signal=S_TIM3_CH2
PA6.GPIOParameters=GPIO_Label
PA6.GPIO_Label=ENC_FR_A
PA6.Signal=S_TIM3_CH1
PA8.GPIOParameters=GPIO_Label
PA8.GPIO_Label=OLED_INA226_SDA
PA8.Locked=true
PA8.Mode=I2C
PA8.Signal=I2C2_SDA
PA9.GPIOParameters=GPIO_Label
PA9.GPIO_Label=OLED_INA226_SCL
PA9.Locked=true
PA9.Mode=I2C
PA9.Signal=I2C2_SCL
PB14.GPIOParameters=GPIO_Label
PB14.GPIO_Label=Servo_PWM_5
PB14.Locked=true
PB14.Signal=S_TIM15_CH1
PB15.GPIOParameters=GPIO_Label
PB15.GPIO_Label=Servo_PWM_6
PB15.Locked=true
PB15.Signal=S_TIM15_CH2
PB3.GPIOParameters=GPIO_Label
PB3.GPIO_Label=BMI088_NRF_SCK
PB3.Locked=true
PB3.Mode=Full_Duplex_Master
PB3.Signal=SPI1_SCK
PB4.GPIOParameters=GPIO_Label
PB4.GPIO_Label=BMI088_NRF_MISO
PB4.Locked=true
PB4.Mode=Full_Duplex_Master
PB4.Signal=SPI1_MISO
PB5.GPIOParameters=GPIO_Label
PB5.GPIO_Label=BMI088_NRF_MOSI
PB5.Locked=true
PB5.Mode=Full_Duplex_Master
PB5.Signal=SPI1_MOSI
PC0.GPIOParameters=GPIO_Speed,GPIO_Label
PC0.GPIO_Label=MOTOR_FL_PWM
PC0.GPIO_Speed=GPIO_SPEED_FREQ_HIGH
PC0.Signal=S_TIM1_CH1
PC1.GPIOParameters=GPIO_Speed,GPIO_Label
PC1.GPIO_Label=MOTOR_FR_PWM
PC1.GPIO_Speed=GPIO_SPEED_FREQ_HIGH
PC1.Signal=S_TIM1_CH2
PC10.GPIOParameters=PinState,GPIO_Label
PC10.GPIO_Label=BMI_ACC_CS
PC10.Locked=true
PC10.PinState=GPIO_PIN_SET
PC10.Signal=GPIO_Output
PC11.GPIOParameters=PinState,GPIO_Label
PC11.GPIO_Label=BMI_GYRO_CS
PC11.Locked=true
PC11.PinState=GPIO_PIN_SET
PC11.Signal=GPIO_Output
PC2.GPIOParameters=GPIO_Speed,GPIO_Label
PC2.GPIO_Label=MOTOR_RL_PWM
PC2.GPIO_Speed=GPIO_SPEED_FREQ_HIGH
PC2.Signal=S_TIM1_CH3
PC3.GPIOParameters=GPIO_Speed,GPIO_Label
PC3.GPIO_Label=MOTOR_RR_PWM
PC3.GPIO_Speed=GPIO_SPEED_FREQ_HIGH
PC3.Signal=S_TIM1_CH4
PC6.GPIOParameters=GPIO_Label
PC6.GPIO_Label=Servo_PWM_1
PC6.Locked=true
PC6.Signal=S_TIM8_CH1
PC7.GPIOParameters=GPIO_Label
PC7.GPIO_Label=Servo_PWM_2
PC7.Locked=true
PC7.Signal=S_TIM8_CH2
PC8.GPIOParameters=GPIO_Label
PC8.GPIO_Label=Servo_PWM_3
PC8.Locked=true
PC8.Signal=S_TIM8_CH3
PC9.GPIOParameters=GPIO_Label
PC9.GPIO_Label=Servo_PWM_4
PC9.Locked=true
PC9.Signal=S_TIM8_CH4
PD12.GPIOParameters=GPIO_Label
PD12.GPIO_Label=ENC_FL_A
PD12.Signal=S_TIM4_CH1
PD13.GPIOParameters=GPIO_Label
PD13.GPIO_Label=ENC_FL_B
PD13.Signal=S_TIM4_CH2
PD3.GPIOParameters=GPIO_Speed,GPIO_Label
PD3.GPIO_Label=ENC_RL_A
PD3.GPIO_Speed=GPIO_SPEED_FREQ_LOW
PD3.Signal=S_TIM2_CH1
PD4.GPIOParameters=GPIO_Speed,GPIO_Label
PD4.GPIO_Label=ENC_RL_B
PD4.GPIO_Speed=GPIO_SPEED_FREQ_LOW
PD4.Signal=S_TIM2_CH2
PE2.GPIOParameters=GPIO_Label
PE2.GPIO_Label=MOTOR_FL_DIR
PE2.Locked=true
PE2.Signal=GPIO_Output
PE3.GPIOParameters=GPIO_Label
PE3.GPIO_Label=MOTOR_FR_DIR
PE3.Locked=true
PE3.Signal=GPIO_Output
PE4.GPIOParameters=GPIO_Label
PE4.GPIO_Label=MOTOR_RL_DIR
PE4.Locked=true
PE4.Signal=GPIO_Output
PE5.GPIOParameters=GPIO_Label
PE5.GPIO_Label=MOTOR_RR_DIR
PE5.Locked=true
PE5.Signal=GPIO_Output
PF0-OSC_IN.Mode=HSE-External-Oscillator
PF0-OSC_IN.Signal=RCC_OSC_IN
PF1-OSC_OUT.Mode=HSE-External-Oscillator
PF1-OSC_OUT.Signal=RCC_OSC_OUT
PinOutPanel.RotationAngle=0
ProjectManager.AskForMigrate=true
ProjectManager.BackupPrevious=false
ProjectManager.CompilerLinker=GCC
ProjectManager.CompilerOptimize=6
ProjectManager.ComputerToolchain=false
ProjectManager.CoupleFile=true
ProjectManager.CustomerFirmwarePackage=
ProjectManager.DefaultFWLocation=true
ProjectManager.DeletePrevious=true
ProjectManager.DeviceId=STM32G474VETx
ProjectManager.FirmwarePackage=STM32Cube FW_G4 V1.6.3
ProjectManager.FreePins=false
ProjectManager.HalAssertFull=false
ProjectManager.HeapSize=0x200
ProjectManager.KeepUserCode=true
ProjectManager.LastFirmware=true
ProjectManager.LibraryCopy=0
ProjectManager.MainLocation=Core/Src
ProjectManager.NoMain=false
ProjectManager.PreviousToolchain=
ProjectManager.ProjectBuild=false
ProjectManager.ProjectFileName=XiaoSai.ioc
ProjectManager.ProjectName=XiaoSai
ProjectManager.ProjectStructure=
ProjectManager.RegisterCallBack=
ProjectManager.StackSize=0x400
ProjectManager.TargetToolchain=CMake
ProjectManager.ToolChainLocation=
ProjectManager.UAScriptAfterPath=
ProjectManager.UAScriptBeforePath=
ProjectManager.UnderRoot=false
ProjectManager.functionlistsort=1-SystemClock_Config-RCC-false-HAL-false,2-MX_GPIO_Init-GPIO-false-HAL-true,3-MX_TIM3_Init-TIM3-false-HAL-true,4-MX_TIM1_Init-TIM1-false-HAL-true,5-MX_TIM2_Init-TIM2-false-HAL-true,6-MX_TIM4_Init-TIM4-false-HAL-true,7-MX_TIM5_Init-TIM5-false-HAL-true,8-MX_SPI1_Init-SPI1-false-HAL-true,9-MX_TIM8_Init-TIM8-false-HAL-true,10-MX_TIM15_Init-TIM15-false-HAL-true,11-MX_USART2_UART_Init-USART2-false-HAL-true,12-MX_I2C2_Init-I2C2-false-HAL-true
RCC.ADC12Freq_Value=170000000
RCC.ADC345Freq_Value=170000000
RCC.AHBFreq_Value=170000000
RCC.APB1Freq_Value=170000000
RCC.APB1TimFreq_Value=170000000
RCC.APB2Freq_Value=170000000
RCC.APB2TimFreq_Value=170000000
RCC.CRSFreq_Value=48000000
RCC.CortexFreq_Value=170000000
RCC.EXTERNAL_CLOCK_VALUE=12288000
RCC.FCLKCortexFreq_Value=170000000
RCC.FDCANFreq_Value=170000000
RCC.FamilyName=M
RCC.HCLKFreq_Value=170000000
RCC.HRTIM1Freq_Value=170000000
RCC.HSE_VALUE=8000000
RCC.HSI48_VALUE=48000000
RCC.HSI_VALUE=16000000
RCC.I2C1Freq_Value=170000000
RCC.I2C2Freq_Value=170000000
RCC.I2C3Freq_Value=170000000
RCC.I2C4Freq_Value=170000000
RCC.I2SFreq_Value=170000000
RCC.IPParameters=ADC12Freq_Value,ADC345Freq_Value,AHBFreq_Value,APB1Freq_Value,APB1TimFreq_Value,APB2Freq_Value,APB2TimFreq_Value,CRSFreq_Value,CortexFreq_Value,EXTERNAL_CLOCK_VALUE,FCLKCortexFreq_Value,FDCANFreq_Value,FamilyName,HCLKFreq_Value,HRTIM1Freq_Value,HSE_VALUE,HSI48_VALUE,HSI_VALUE,I2C1Freq_Value,I2C2Freq_Value,I2C3Freq_Value,I2C4Freq_Value,I2SFreq_Value,LPTIM1Freq_Value,LPUART1Freq_Value,LSCOPinFreq_Value,LSE_VALUE,LSI_VALUE,MCO1PinFreq_Value,PLLM,PLLN,PLLPoutputFreq_Value,PLLQoutputFreq_Value,PLLRCLKFreq_Value,PWRFreq_Value,QSPIFreq_Value,RNGFreq_Value,SAI1Freq_Value,SYSCLKFreq_VALUE,SYSCLKSource,UART4Freq_Value,UART5Freq_Value,USART1Freq_Value,USART2Freq_Value,USART3Freq_Value,USBFreq_Value,VCOInputFreq_Value,VCOOutputFreq_Value
RCC.LPTIM1Freq_Value=170000000
RCC.LPUART1Freq_Value=170000000
RCC.LSCOPinFreq_Value=32000
RCC.LSE_VALUE=32768
RCC.LSI_VALUE=32000
RCC.MCO1PinFreq_Value=16000000
RCC.PLLM=RCC_PLLM_DIV4
RCC.PLLN=85
RCC.PLLPoutputFreq_Value=170000000
RCC.PLLQoutputFreq_Value=170000000
RCC.PLLRCLKFreq_Value=170000000
RCC.PWRFreq_Value=170000000
RCC.QSPIFreq_Value=170000000
RCC.RNGFreq_Value=170000000
RCC.SAI1Freq_Value=170000000
RCC.SYSCLKFreq_VALUE=170000000
RCC.SYSCLKSource=RCC_SYSCLKSOURCE_PLLCLK
RCC.UART4Freq_Value=170000000
RCC.UART5Freq_Value=170000000
RCC.USART1Freq_Value=170000000
RCC.USART2Freq_Value=170000000
RCC.USART3Freq_Value=170000000
RCC.USBFreq_Value=170000000
RCC.VCOInputFreq_Value=4000000
RCC.VCOOutputFreq_Value=340000000
SH.S_TIM15_CH1.0=TIM15_CH1,PWM Generation1 CH1
SH.S_TIM15_CH1.ConfNb=1
SH.S_TIM15_CH2.0=TIM15_CH2,PWM Generation2 CH2
SH.S_TIM15_CH2.ConfNb=1
SH.S_TIM1_CH1.0=TIM1_CH1,PWM Generation1 CH1
SH.S_TIM1_CH1.ConfNb=1
SH.S_TIM1_CH2.0=TIM1_CH2,PWM Generation2 CH2
SH.S_TIM1_CH2.ConfNb=1
SH.S_TIM1_CH3.0=TIM1_CH3,PWM Generation3 CH3
SH.S_TIM1_CH3.ConfNb=1
SH.S_TIM1_CH4.0=TIM1_CH4,PWM Generation4 CH4
SH.S_TIM1_CH4.ConfNb=1
SH.S_TIM2_CH1.0=TIM2_CH1,Encoder_Interface
SH.S_TIM2_CH1.ConfNb=1
SH.S_TIM2_CH2.0=TIM2_CH2,Encoder_Interface
SH.S_TIM2_CH2.ConfNb=1
SH.S_TIM3_CH1.0=TIM3_CH1,Encoder_Interface
SH.S_TIM3_CH1.ConfNb=1
SH.S_TIM3_CH2.0=TIM3_CH2,Encoder_Interface
SH.S_TIM3_CH2.ConfNb=1
SH.S_TIM4_CH1.0=TIM4_CH1,Encoder_Interface
SH.S_TIM4_CH1.ConfNb=1
SH.S_TIM4_CH2.0=TIM4_CH2,Encoder_Interface
SH.S_TIM4_CH2.ConfNb=1
SH.S_TIM5_CH1.0=TIM5_CH1,Encoder_Interface
SH.S_TIM5_CH1.ConfNb=1
SH.S_TIM5_CH2.0=TIM5_CH2,Encoder_Interface
SH.S_TIM5_CH2.ConfNb=1
SH.S_TIM8_CH1.0=TIM8_CH1,PWM Generation1 CH1
SH.S_TIM8_CH1.ConfNb=1
SH.S_TIM8_CH2.0=TIM8_CH2,PWM Generation2 CH2
SH.S_TIM8_CH2.ConfNb=1
SH.S_TIM8_CH3.0=TIM8_CH3,PWM Generation3 CH3
SH.S_TIM8_CH3.ConfNb=1
SH.S_TIM8_CH4.0=TIM8_CH4,PWM Generation4 CH4
SH.S_TIM8_CH4.ConfNb=1
SPI1.BaudRatePrescaler=SPI_BAUDRATEPRESCALER_32
SPI1.CalculateBaudRate=5.3125 MBits/s
SPI1.DataSize=SPI_DATASIZE_8BIT
SPI1.Direction=SPI_DIRECTION_2LINES
SPI1.IPParameters=VirtualType,Mode,Direction,CalculateBaudRate,DataSize,BaudRatePrescaler,NSSPMode
SPI1.Mode=SPI_MODE_MASTER
SPI1.NSSPMode=SPI_NSS_PULSE_DISABLE
SPI1.VirtualType=VM_MASTER
TIM1.Channel-PWM\ Generation1\ CH1=TIM_CHANNEL_1
TIM1.Channel-PWM\ Generation2\ CH2=TIM_CHANNEL_2
TIM1.Channel-PWM\ Generation3\ CH3=TIM_CHANNEL_3
TIM1.Channel-PWM\ Generation4\ CH4=TIM_CHANNEL_4
TIM1.IPParameters=Channel-PWM Generation1 CH1,Channel-PWM Generation2 CH2,Channel-PWM Generation3 CH3,Channel-PWM Generation4 CH4,PeriodNoDither
TIM1.PeriodNoDither=8499
TIM15.Channel-PWM\ Generation1\ CH1=TIM_CHANNEL_1
TIM15.Channel-PWM\ Generation2\ CH2=TIM_CHANNEL_2
TIM15.IPParameters=Channel-PWM Generation1 CH1,Channel-PWM Generation2 CH2,Prescaler,PeriodNoDither
TIM15.PeriodNoDither=19999
TIM15.Prescaler=169
TIM2.EncoderMode=TIM_ENCODERMODE_TI12
TIM2.IC1Filter=4
TIM2.IC2Filter=4
TIM2.IPParameters=EncoderMode,IC1Filter,IC2Filter
TIM3.EncoderMode=TIM_ENCODERMODE_TI12
TIM3.IC1Filter=4
TIM3.IC2Filter=4
TIM3.IPParameters=EncoderMode,IC1Filter,IC2Filter
TIM4.EncoderMode=TIM_ENCODERMODE_TI12
TIM4.IC1Filter=4
TIM4.IC2Filter=4
TIM4.IPParameters=EncoderMode,IC1Filter,IC2Filter
TIM5.EncoderMode=TIM_ENCODERMODE_TI12
TIM5.IC1Filter=4
TIM5.IC2Filter=4
TIM5.IPParameters=EncoderMode,IC1Filter,IC2Filter
TIM8.Channel-PWM\ Generation1\ CH1=TIM_CHANNEL_1
TIM8.Channel-PWM\ Generation2\ CH2=TIM_CHANNEL_2
TIM8.Channel-PWM\ Generation3\ CH3=TIM_CHANNEL_3
TIM8.Channel-PWM\ Generation4\ CH4=TIM_CHANNEL_4
TIM8.IPParameters=Channel-PWM Generation1 CH1,Channel-PWM Generation3 CH3,Channel-PWM Generation4 CH4,Prescaler,PeriodNoDither,Channel-PWM Generation2 CH2
TIM8.PeriodNoDither=19999
TIM8.Prescaler=169
USART2.BaudRate=9600
USART2.IPParameters=VirtualMode-Asynchronous,BaudRate
USART2.VirtualMode-Asynchronous=VM_ASYNC
VP_FREERTOS_VS_CMSIS_V1.Mode=CMSIS_V1
VP_FREERTOS_VS_CMSIS_V1.Signal=FREERTOS_VS_CMSIS_V1
VP_SYS_VS_DBSignals.Mode=DisableDeadBatterySignals
VP_SYS_VS_DBSignals.Signal=SYS_VS_DBSignals
VP_SYS_VS_tim17.Mode=TIM17
VP_SYS_VS_tim17.Signal=SYS_VS_tim17
VP_TIM1_VS_ClockSourceINT.Mode=Internal
VP_TIM1_VS_ClockSourceINT.Signal=TIM1_VS_ClockSourceINT
board=custom
rtos.0.ip=FREERTOS
